
Microsoft Visual Studio Solution File, Format Version 12.00
# Visual Studio 2012
Project("{FAE04EC0-301F-11D3-BF4B-00C04F79EFBC}") = "grade_scores", "ConsoleApplication6\grade_scores.csproj", "{CED4CE72-F26D-409A-B82D-FF071B07DCBD}"
EndProject
Project("{FAE04EC0-301F-11D3-BF4B-00C04F79EFBC}") = "graded_unit_testing", "graded-unit-testing\graded_unit_testing.csproj", "{1A39FAF1-BF43-4984-A49F-5331310FB645}"
EndProject
Global
	GlobalSection(SolutionConfigurationPlatforms) = preSolution
		Debug|Any CPU = Debug|Any CPU
		Release|Any CPU = Release|Any CPU
	EndGlobalSection
	GlobalSection(ProjectConfigurationPlatforms) = postSolution
		{CED4CE72-F26D-409A-B82D-FF071B07DCBD}.Debug|Any CPU.ActiveCfg = Debug|Any CPU
		{CED4CE72-F26D-409A-B82D-FF071B07DCBD}.Debug|Any CPU.Build.0 = Debug|Any CPU
		{CED4CE72-F26D-409A-B82D-FF071B07DCBD}.Release|Any CPU.ActiveCfg = Release|Any CPU
		{CED4CE72-F26D-409A-B82D-FF071B07DCBD}.Release|Any CPU.Build.0 = Release|Any CPU
		{1A39FAF1-BF43-4984-A49F-5331310FB645}.Debug|Any CPU.ActiveCfg = Debug|Any CPU
		{1A39FAF1-BF43-4984-A49F-5331310FB645}.Debug|Any CPU.Build.0 = Debug|Any CPU
		{1A39FAF1-BF43-4984-A49F-5331310FB645}.Release|Any CPU.ActiveCfg = Release|Any CPU
		{1A39FAF1-BF43-4984-A49F-5331310FB645}.Release|Any CPU.Build.0 = Release|Any CPU
	EndGlobalSection
	GlobalSection(SolutionProperties) = preSolution
		HideSolutionNode = FALSE
	EndGlobalSection
EndGlobal
